{
  "requires": true,
  "lockfileVersion": 1,
  "dependencies": {
    "@nrkn/wad": {
      "version": "0.0.2",
      "resolved": "https://registry.npmjs.org/@nrkn/wad/-/wad-0.0.2.tgz",
      "integrity": "sha512-OM6APzFKQqXEgUXEGKWtGOuijG5koz/RFzWo+1J2jRJlCr0ZpMeALCMqV5I16EKhv0o1Jqj0GAOPX+mHioCG8w=="
    },
    "image-size": {
      "version": "0.7.1",
      "resolved": "https://registry.npmjs.org/image-size/-/image-size-0.7.1.tgz",
      "integrity": "sha512-Q9hk+wP7+CjudriUaGhP9BizAXBe1O7STPbGU/FesYSjqcupHTX70iAZ2vZoQ4mKWB9qlcEIv6h5sKUrRehlNQ=="
    }
  }
}
